// !$*UTF8*$!
{
	archiveVersion = 1;
	classes = {
	};
	objectVersion = 48;
	objects = {

/* Begin PBXBuildFile section */
		598BE67F2022C7D100CB1D0B /* AppDelegate.swift in Sources */ = {isa = PBXBuildFile; fileRef = 598BE67E2022C7D100CB1D0B /* AppDelegate.swift */; };
		598BE6842022C7D100CB1D0B /* Main.storyboard in Resources */ = {isa = PBXBuildFile; fileRef = 598BE6822022C7D100CB1D0B /* Main.storyboard */; };
		598BE6862022C7D100CB1D0B /* Assets.xcassets in Resources */ = {isa = PBXBuildFile; fileRef = 598BE6852022C7D100CB1D0B /* Assets.xcassets */; };
		598BE6892022C7D100CB1D0B /* LaunchScreen.storyboard in Resources */ = {isa = PBXBuildFile; fileRef = 598BE6872022C7D100CB1D0B /* LaunchScreen.storyboard */; };
		598BE6942022C7D100CB1D0B /* WorldTrotterTests.swift in Sources */ = {isa = PBXBuildFile; fileRef = 598BE6932022C7D100CB1D0B /* WorldTrotterTests.swift */; };
		598BE69F2022C7D100CB1D0B /* WorldTrotterUITests.swift in Sources */ = {isa = PBXBuildFile; fileRef = 598BE69E2022C7D100CB1D0B /* WorldTrotterUITests.swift */; };
		598BE6AD2022D86A00CB1D0B /* ConversionViewController.swift in Sources */ = {isa = PBXBuildFile; fileRef = 598BE6AC2022D86A00CB1D0B /* ConversionViewController.swift */; };
		598BE6C3202C08FA00CB1D0B /* MapKit.framework in Frameworks */ = {isa = PBXBuildFile; fileRef = 598BE6C2202C08EF00CB1D0B /* MapKit.framework */; };
		598BE6C5202C0E7700CB1D0B /* MapViewController.swift in Sources */ = {isa = PBXBuildFile; fileRef = 598BE6C4202C0E7700CB1D0B /* MapViewController.swift */; };
		598BE6C7203181CA00CB1D0B /* WebViewController.swift in Sources */ = {isa = PBXBuildFile; fileRef = 598BE6C6203181CA00CB1D0B /* WebViewController.swift */; };
		598BE6D320345C8B00CB1D0B /* Localizable.strings in Resources */ = {isa = PBXBuildFile; fileRef = 598BE6D520345C8B00CB1D0B /* Localizable.strings */; };
		59FBF4AF203463BC004860FB /* TabViewController.swift in Sources */ = {isa = PBXBuildFile; fileRef = 59FBF4AE203463BC004860FB /* TabViewController.swift */; };
/* End PBXBuildFile section */

/* Begin PBXContainerItemProxy section */
		598BE6902022C7D100CB1D0B /* PBXContainerItemProxy */ = {
			isa = PBXContainerItemProxy;
			containerPortal = 598BE6732022C7D100CB1D0B /* Project object */;
			proxyType = 1;
			remoteGlobalIDString = 598BE67A2022C7D100CB1D0B;
			remoteInfo = WorldTrotter;
		};
		598BE69B2022C7D100CB1D0B /* PBXContainerItemProxy */ = {
			isa = PBXContainerItemProxy;
			containerPortal = 598BE6732022C7D100CB1D0B /* Project object */;
			proxyType = 1;
			remoteGlobalIDString = 598BE67A2022C7D100CB1D0B;
			remoteInfo = WorldTrotter;
		};
/* End PBXContainerItemProxy section */

/* Begin PBXFileReference section */
		598BE67B2022C7D100CB1D0B /* WorldTrotter.app */ = {isa = PBXFileReference; explicitFileType = wrapper.application; includeInIndex = 0; path = WorldTrotter.app; sourceTree = BUILT_PRODUCTS_DIR; };
		598BE67E2022C7D100CB1D0B /* AppDelegate.swift */ = {isa = PBXFileReference; lastKnownFileType = sourcecode.swift; path = AppDelegate.swift; sourceTree = "<group>"; };
		598BE6832022C7D100CB1D0B /* Base */ = {isa = PBXFileReference; lastKnownFileType = file.storyboard; name = Base; path = Base.lproj/Main.storyboard; sourceTree = "<group>"; };
		598BE6852022C7D100CB1D0B /* Assets.xcassets */ = {isa = PBXFileReference; lastKnownFileType = folder.assetcatalog; path = Assets.xcassets; sourceTree = "<group>"; };
		598BE6882022C7D100CB1D0B /* Base */ = {isa = PBXFileReference; lastKnownFileType = file.storyboard; name = Base; path = Base.lproj/LaunchScreen.storyboard; sourceTree = "<group>"; };
		598BE68A2022C7D100CB1D0B /* Info.plist */ = {isa = PBXFileReference; lastKnownFileType = text.plist.xml; path = Info.plist; sourceTree = "<group>"; };
		598BE68F2022C7D100CB1D0B /* WorldTrotterTests.xctest */ = {isa = PBXFileReference; explicitFileType = wrapper.cfbundle; includeInIndex = 0; path = WorldTrotterTests.xctest; sourceTree = BUILT_PRODUCTS_DIR; };
		598BE6932022C7D100CB1D0B /* WorldTrotterTests.swift */ = {isa = PBXFileReference; lastKnownFileType = sourcecode.swift; path = WorldTrotterTests.swift; sourceTree = "<group>"; };
		598BE6952022C7D100CB1D0B /* Info.plist */ = {isa = PBXFileReference; lastKnownFileType = text.plist.xml; path = Info.plist; sourceTree = "<group>"; };
		598BE69A2022C7D100CB1D0B /* WorldTrotterUITests.xctest */ = {isa = PBXFileReference; explicitFileType = wrapper.cfbundle; includeInIndex = 0; path = WorldTrotterUITests.xctest; sourceTree = BUILT_PRODUCTS_DIR; };
		598BE69E2022C7D100CB1D0B /* WorldTrotterUITests.swift */ = {isa = PBXFileReference; lastKnownFileType = sourcecode.swift; path = WorldTrotterUITests.swift; sourceTree = "<group>"; };
		598BE6A02022C7D100CB1D0B /* Info.plist */ = {isa = PBXFileReference; lastKnownFileType = text.plist.xml; path = Info.plist; sourceTree = "<group>"; };
		598BE6AC2022D86A00CB1D0B /* ConversionViewController.swift */ = {isa = PBXFileReference; lastKnownFileType = sourcecode.swift; path = ConversionViewController.swift; sourceTree = "<group>"; };
		598BE6C2202C08EF00CB1D0B /* MapKit.framework */ = {isa = PBXFileReference; lastKnownFileType = wrapper.framework; name = MapKit.framework; path = System/Library/Frameworks/MapKit.framework; sourceTree = SDKROOT; };
		598BE6C4202C0E7700CB1D0B /* MapViewController.swift */ = {isa = PBXFileReference; lastKnownFileType = sourcecode.swift; path = MapViewController.swift; sourceTree = "<group>"; };
		598BE6C6203181CA00CB1D0B /* WebViewController.swift */ = {isa = PBXFileReference; lastKnownFileType = sourcecode.swift; path = WebViewController.swift; sourceTree = "<group>"; };
		598BE6C820343F7700CB1D0B /* ar */ = {isa = PBXFileReference; lastKnownFileType = text.plist.strings; name = ar; path = ar.lproj/Main.strings; sourceTree = "<group>"; };
		598BE6C920343F7800CB1D0B /* ar */ = {isa = PBXFileReference; lastKnownFileType = text.plist.strings; name = ar; path = ar.lproj/LaunchScreen.strings; sourceTree = "<group>"; };
		598BE6D620345C9200CB1D0B /* ar */ = {isa = PBXFileReference; lastKnownFileType = text.plist.strings; name = ar; path = ar.lproj/Localizable.strings; sourceTree = "<group>"; };
		598BE6D820345D1600CB1D0B /* en */ = {isa = PBXFileReference; lastKnownFileType = text.plist.strings; name = en; path = en.lproj/Localizable.strings; sourceTree = "<group>"; };
		598BE6D920345DB100CB1D0B /* zh-Hans */ = {isa = PBXFileReference; lastKnownFileType = text.plist.strings; name = "zh-Hans"; path = "zh-Hans.lproj/Main.strings"; sourceTree = "<group>"; };
		598BE6DA20345DB100CB1D0B /* zh-Hans */ = {isa = PBXFileReference; lastKnownFileType = text.plist.strings; name = "zh-Hans"; path = "zh-Hans.lproj/LaunchScreen.strings"; sourceTree = "<group>"; };
		598BE6DB20345DB100CB1D0B /* zh-Hans */ = {isa = PBXFileReference; lastKnownFileType = text.plist.strings; name = "zh-Hans"; path = "zh-Hans.lproj/Localizable.strings"; sourceTree = "<group>"; };
		59FBF4AE203463BC004860FB /* TabViewController.swift */ = {isa = PBXFileReference; lastKnownFileType = sourcecode.swift; path = TabViewController.swift; sourceTree = "<group>"; };
/* End PBXFileReference section */

/* Begin PBXFrameworksBuildPhase section */
		598BE6782022C7D100CB1D0B /* Frameworks */ = {
			isa = PBXFrameworksBuildPhase;
			buildActionMask = 2147483647;
			files = (
				598BE6C3202C08FA00CB1D0B /* MapKit.framework in Frameworks */,
			);
			runOnlyForDeploymentPostprocessing = 0;
		};
		598BE68C2022C7D100CB1D0B /* Frameworks */ = {
			isa = PBXFrameworksBuildPhase;
			buildActionMask = 2147483647;
			files = (
			);
			runOnlyForDeploymentPostprocessing = 0;
		};
		598BE6972022C7D100CB1D0B /* Frameworks */ = {
			isa = PBXFrameworksBuildPhase;
			buildActionMask = 2147483647;
			files = (
			);
			runOnlyForDeploymentPostprocessing = 0;
		};
/* End PBXFrameworksBuildPhase section */

/* Begin PBXGroup section */
		598BE6722022C7D100CB1D0B = {
			isa = PBXGroup;
			children = (
				598BE67D2022C7D100CB1D0B /* WorldTrotter */,
				598BE6922022C7D100CB1D0B /* WorldTrotterTests */,
				598BE69D2022C7D100CB1D0B /* WorldTrotterUITests */,
				598BE67C2022C7D100CB1D0B /* Products */,
				598BE6C1202C08EF00CB1D0B /* Frameworks */,
			);
			sourceTree = "<group>";
		};
		598BE67C2022C7D100CB1D0B /* Products */ = {
			isa = PBXGroup;
			children = (
				598BE67B2022C7D100CB1D0B /* WorldTrotter.app */,
				598BE68F2022C7D100CB1D0B /* WorldTrotterTests.xctest */,
				598BE69A2022C7D100CB1D0B /* WorldTrotterUITests.xctest */,
			);
			name = Products;
			sourceTree = "<group>";
		};
		598BE67D2022C7D100CB1D0B /* WorldTrotter */ = {
			isa = PBXGroup;
			children = (
				598BE67E2022C7D100CB1D0B /* AppDelegate.swift */,
				598BE6AC2022D86A00CB1D0B /* ConversionViewController.swift */,
				598BE6D520345C8B00CB1D0B /* Localizable.strings */,
				598BE6822022C7D100CB1D0B /* Main.storyboard */,
				598BE6C4202C0E7700CB1D0B /* MapViewController.swift */,
				598BE6C6203181CA00CB1D0B /* WebViewController.swift */,
				59FBF4AE203463BC004860FB /* TabViewController.swift */,
				598BE6852022C7D100CB1D0B /* Assets.xcassets */,
				598BE6872022C7D100CB1D0B /* LaunchScreen.storyboard */,
				598BE68A2022C7D100CB1D0B /* Info.plist */,
			);
			path = WorldTrotter;
			sourceTree = "<group>";
		};
		598BE6922022C7D100CB1D0B /* WorldTrotterTests */ = {
			isa = PBXGroup;
			children = (
				598BE6932022C7D100CB1D0B /* WorldTrotterTests.swift */,
				598BE6952022C7D100CB1D0B /* Info.plist */,
			);
			path = WorldTrotterTests;
			sourceTree = "<group>";
		};
		598BE69D2022C7D100CB1D0B /* WorldTrotterUITests */ = {
			isa = PBXGroup;
			children = (
				598BE69E2022C7D100CB1D0B /* WorldTrotterUITests.swift */,
				598BE6A02022C7D100CB1D0B /* Info.plist */,
			);
			path = WorldTrotterUITests;
			sourceTree = "<group>";
		};
		598BE6C1202C08EF00CB1D0B /* Frameworks */ = {
			isa = PBXGroup;
			children = (
				598BE6C2202C08EF00CB1D0B /* MapKit.framework */,
			);
			name = Frameworks;
			sourceTree = "<group>";
		};
/* End PBXGroup section */

/* Begin PBXNativeTarget section */
		598BE67A2022C7D100CB1D0B /* WorldTrotter */ = {
			isa = PBXNativeTarget;
			buildConfigurationList = 598BE6A32022C7D100CB1D0B /* Build configuration list for PBXNativeTarget "WorldTrotter" */;
			buildPhases = (
				598BE6772022C7D100CB1D0B /* Sources */,
				598BE6782022C7D100CB1D0B /* Frameworks */,
				598BE6792022C7D100CB1D0B /* Resources */,
			);
			buildRules = (
			);
			dependencies = (
			);
			name = WorldTrotter;
			productName = WorldTrotter;
			productReference = 598BE67B2022C7D100CB1D0B /* WorldTrotter.app */;
			productType = "com.apple.product-type.application";
		};
		598BE68E2022C7D100CB1D0B /* WorldTrotterTests */ = {
			isa = PBXNativeTarget;
			buildConfigurationList = 598BE6A62022C7D100CB1D0B /* Build configuration list for PBXNativeTarget "WorldTrotterTests" */;
			buildPhases = (
				598BE68B2022C7D100CB1D0B /* Sources */,
				598BE68C2022C7D100CB1D0B /* Frameworks */,
				598BE68D2022C7D100CB1D0B /* Resources */,
			);
			buildRules = (
			);
			dependencies = (
				598BE6912022C7D100CB1D0B /* PBXTargetDependency */,
			);
			name = WorldTrotterTests;
			productName = WorldTrotterTests;
			productReference = 598BE68F2022C7D100CB1D0B /* WorldTrotterTests.xctest */;
			productType = "com.apple.product-type.bundle.unit-test";
		};
		598BE6992022C7D100CB1D0B /* WorldTrotterUITests */ = {
			isa = PBXNativeTarget;
			buildConfigurationList = 598BE6A92022C7D100CB1D0B /* Build configuration list for PBXNativeTarget "WorldTrotterUITests" */;
			buildPhases = (
				598BE6962022C7D100CB1D0B /* Sources */,
				598BE6972022C7D100CB1D0B /* Frameworks */,
				598BE6982022C7D100CB1D0B /* Resources */,
			);
			buildRules = (
			);
			dependencies = (
				598BE69C2022C7D100CB1D0B /* PBXTargetDependency */,
			);
			name = WorldTrotterUITests;
			productName = WorldTrotterUITests;
			productReference = 598BE69A2022C7D100CB1D0B /* WorldTrotterUITests.xctest */;
			productType = "com.apple.product-type.bundle.ui-testing";
		};
/* End PBXNativeTarget section */

/* Begin PBXProject section */
		598BE6732022C7D100CB1D0B /* Project object */ = {
			isa = PBXProject;
			attributes = {
				LastSwiftUpdateCheck = 0910;
				LastUpgradeCheck = 0910;
				ORGANIZATIONNAME = "Alex Rasho";
				TargetAttributes = {
					598BE67A2022C7D100CB1D0B = {
						CreatedOnToolsVersion = 9.1;
						ProvisioningStyle = Automatic;
					};
					598BE68E2022C7D100CB1D0B = {
						CreatedOnToolsVersion = 9.1;
						ProvisioningStyle = Automatic;
						TestTargetID = 598BE67A2022C7D100CB1D0B;
					};
					598BE6992022C7D100CB1D0B = {
						CreatedOnToolsVersion = 9.1;
						ProvisioningStyle = Automatic;
						TestTargetID = 598BE67A2022C7D100CB1D0B;
					};
				};
			};
			buildConfigurationList = 598BE6762022C7D100CB1D0B /* Build configuration list for PBXProject "WorldTrotter" */;
			compatibilityVersion = "Xcode 8.0";
			developmentRegion = en;
			hasScannedForEncodings = 0;
			knownRegions = (
				en,
				Base,
				ar,
				"zh-Hans",
			);
			mainGroup = 598BE6722022C7D100CB1D0B;
			productRefGroup = 598BE67C2022C7D100CB1D0B /* Products */;
			projectDirPath = "";
			projectRoot = "";
			targets = (
				598BE67A2022C7D100CB1D0B /* WorldTrotter */,
				598BE68E2022C7D100CB1D0B /* WorldTrotterTests */,
				598BE6992022C7D100CB1D0B /* WorldTrotterUITests */,
			);
		};
/* End PBXProject section */

/* Begin PBXResourcesBuildPhase section */
		598BE6792022C7D100CB1D0B /* Resources */ = {
			isa = PBXResourcesBuildPhase;
			buildActionMask = 2147483647;
			files = (
				598BE6892022C7D100CB1D0B /* LaunchScreen.storyboard in Resources */,
				598BE6D320345C8B00CB1D0B /* Localizable.strings in Resources */,
				598BE6862022C7D100CB1D0B /* Assets.xcassets in Resources */,
				598BE6842022C7D100CB1D0B /* Main.storyboard in Resources */,
			);
			runOnlyForDeploymentPostprocessing = 0;
		};
		598BE68D2022C7D100CB1D0B /* Resources */ = {
			isa = PBXResourcesBuildPhase;
			buildActionMask = 2147483647;
			files = (
			);
			runOnlyForDeploymentPostprocessing = 0;
		};
		598BE6982022C7D100CB1D0B /* Resources */ = {
			isa = PBXResourcesBuildPhase;
			buildActionMask = 2147483647;
			files = (
			);
			runOnlyForDeploymentPostprocessing = 0;
		};
/* End PBXResourcesBuildPhase section */

/* Begin PBXSourcesBuildPhase section */
		598BE6772022C7D100CB1D0B /* Sources */ = {
			isa = PBXSourcesBuildPhase;
			buildActionMask = 2147483647;
			files = (
				598BE6AD2022D86A00CB1D0B /* ConversionViewController.swift in Sources */,
				598BE6C5202C0E7700CB1D0B /* MapViewController.swift in Sources */,
				598BE67F2022C7D100CB1D0B /* AppDelegate.swift in Sources */,
				59FBF4AF203463BC004860FB /* TabViewController.swift in Sources */,
				598BE6C7203181CA00CB1D0B /* WebViewController.swift in Sources */,
			);
			runOnlyForDeploymentPostprocessing = 0;
		};
		598BE68B2022C7D100CB1D0B /* Sources */ = {
			isa = PBXSourcesBuildPhase;
			buildActionMask = 2147483647;
			files = (
				598BE6942022C7D100CB1D0B /* WorldTrotterTests.swift in Sources */,
			);
			runOnlyForDeploymentPostprocessing = 0;
		};
		598BE6962022C7D100CB1D0B /* Sources */ = {
			isa = PBXSourcesBuildPhase;
			buildActionMask = 2147483647;
			files = (
				598BE69F2022C7D100CB1D0B /* WorldTrotterUITests.swift in Sources */,
			);
			runOnlyForDeploymentPostprocessing = 0;
		};
/* End PBXSourcesBuildPhase section */

/* Begin PBXTargetDependency section */
		598BE6912022C7D100CB1D0B /* PBXTargetDependency */ = {
			isa = PBXTargetDependency;
			target = 598BE67A2022C7D100CB1D0B /* WorldTrotter */;
			targetProxy = 598BE6902022C7D100CB1D0B /* PBXContainerItemProxy */;
		};
		598BE69C2022C7D100CB1D0B /* PBXTargetDependency */ = {
			isa = PBXTargetDependency;
			target = 598BE67A2022C7D100CB1D0B /* WorldTrotter */;
			targetProxy = 598BE69B2022C7D100CB1D0B /* PBXContainerItemProxy */;
		};
/* End PBXTargetDependency section */

/* Begin PBXVariantGroup section */
		598BE6822022C7D100CB1D0B /* Main.storyboard */ = {
			isa = PBXVariantGroup;
			children = (
				598BE6832022C7D100CB1D0B /* Base */,
				598BE6C820343F7700CB1D0B /* ar */,
				598BE6D920345DB100CB1D0B /* zh-Hans */,
			);
			name = Main.storyboard;
			sourceTree = "<group>";
		};
		598BE6872022C7D100CB1D0B /* LaunchScreen.storyboard */ = {
			isa = PBXVariantGroup;
			children = (
				598BE6882022C7D100CB1D0B /* Base */,
				598BE6C920343F7800CB1D0B /* ar */,
				598BE6DA20345DB100CB1D0B /* zh-Hans */,
			);
			name = LaunchScreen.storyboard;
			sourceTree = "<group>";
		};
		598BE6D520345C8B00CB1D0B /* Localizable.strings */ = {
			isa = PBXVariantGroup;
			children = (
				598BE6D620345C9200CB1D0B /* ar */,
				598BE6D820345D1600CB1D0B /* en */,
				598BE6DB20345DB100CB1D0B /* zh-Hans */,
			);
			name = Localizable.strings;
			sourceTree = "<group>";
		};
/* End PBXVariantGroup section */

/* Begin XCBuildConfiguration section */
		598BE6A12022C7D100CB1D0B /* Debug */ = {
			isa = XCBuildConfiguration;
			buildSettings = {
				ALWAYS_SEARCH_USER_PATHS = NO;
				CLANG_ANALYZER_LOCALIZABILITY_NONLOCALIZED = YES;
				CLANG_ANALYZER_NONNULL = YES;
				CLANG_ANALYZER_NUMBER_OBJECT_CONVERSION = YES_AGGRESSIVE;
				CLANG_CXX_LANGUAGE_STANDARD = "gnu++14";
				CLANG_CXX_LIBRARY = "libc++";
				CLANG_ENABLE_MODULES = YES;
				CLANG_ENABLE_OBJC_ARC = YES;
				CLANG_WARN_BLOCK_CAPTURE_AUTORELEASING = YES;
				CLANG_WARN_BOOL_CONVERSION = YES;
				CLANG_WARN_COMMA = YES;
				CLANG_WARN_CONSTANT_CONVERSION = YES;
				CLANG_WARN_DIRECT_OBJC_ISA_USAGE = YES_ERROR;
				CLANG_WARN_DOCUMENTATION_COMMENTS = YES;
				CLANG_WARN_EMPTY_BODY = YES;
				CLANG_WARN_ENUM_CONVERSION = YES;
				CLANG_WARN_INFINITE_RECURSION = YES;
				CLANG_WARN_INT_CONVERSION = YES;
				CLANG_WARN_NON_LITERAL_NULL_CONVERSION = YES;
				CLANG_WARN_OBJC_LITERAL_CONVERSION = YES;
				CLANG_WARN_OBJC_ROOT_CLASS = YES_ERROR;
				CLANG_WARN_RANGE_LOOP_ANALYSIS = YES;
				CLANG_WARN_STRICT_PROTOTYPES = YES;
				CLANG_WARN_SUSPICIOUS_MOVE = YES;
				CLANG_WARN_UNGUARDED_AVAILABILITY = YES_AGGRESSIVE;
				CLANG_WARN_UNREACHABLE_CODE = YES;
				CLANG_WARN__DUPLICATE_METHOD_MATCH = YES;
				CODE_SIGN_IDENTITY = "iPhone Developer";
				COPY_PHASE_STRIP = NO;
				DEBUG_INFORMATION_FORMAT = dwarf;
				ENABLE_STRICT_OBJC_MSGSEND = YES;
				ENABLE_TESTABILITY = YES;
				GCC_C_LANGUAGE_STANDARD = gnu11;
				GCC_DYNAMIC_NO_PIC = NO;
				GCC_NO_COMMON_BLOCKS = YES;
				GCC_OPTIMIZATION_LEVEL = 0;
				GCC_PREPROCESSOR_DEFINITIONS = (
					"DEBUG=1",
					"$(inherited)",
				);
				GCC_WARN_64_TO_32_BIT_CONVERSION = YES;
				GCC_WARN_ABOUT_RETURN_TYPE = YES_ERROR;
				GCC_WARN_UNDECLARED_SELECTOR = YES;
				GCC_WARN_UNINITIALIZED_AUTOS = YES_AGGRESSIVE;
				GCC_WARN_UNUSED_FUNCTION = YES;
				GCC_WARN_UNUSED_VARIABLE = YES;
				IPHONEOS_DEPLOYMENT_TARGET = 11.1;
				MTL_ENABLE_DEBUG_INFO = YES;
				ONLY_ACTIVE_ARCH = YES;
				SDKROOT = iphoneos;
				SWIFT_ACTIVE_COMPILATION_CONDITIONS = DEBUG;
				SWIFT_OPTIMIZATION_LEVEL = "-Onone";
			};
			name = Debug;
		};
		598BE6A22022C7D100CB1D0B /* Release */ = {
			isa = XCBuildConfiguration;
			buildSettings = {
				ALWAYS_SEARCH_USER_PATHS = NO;
				CLANG_ANALYZER_LOCALIZABILITY_NONLOCALIZED = YES;
				CLANG_ANALYZER_NONNULL = YES;
				CLANG_ANALYZER_NUMBER_OBJECT_CONVERSION = YES_AGGRESSIVE;
				CLANG_CXX_LANGUAGE_STANDARD = "gnu++14";
				CLANG_CXX_LIBRARY = "libc++";
				CLANG_ENABLE_MODULES = YES;
				CLANG_ENABLE_OBJC_ARC = YES;
				CLANG_WARN_BLOCK_CAPTURE_AUTORELEASING = YES;
				CLANG_WARN_BOOL_CONVERSION = YES;
				CLANG_WARN_COMMA = YES;
				CLANG_WARN_CONSTANT_CONVERSION = YES;
				CLANG_WARN_DIRECT_OBJC_ISA_USAGE = YES_ERROR;
				CLANG_WARN_DOCUMENTATION_COMMENTS = YES;
				CLANG_WARN_EMPTY_BODY = YES;
				CLANG_WARN_ENUM_CONVERSION = YES;
				CLANG_WARN_INFINITE_RECURSION = YES;
				CLANG_WARN_INT_CONVERSION = YES;
				CLANG_WARN_NON_LITERAL_NULL_CONVERSION = YES;
				CLANG_WARN_OBJC_LITERAL_CONVERSION = YES;
				CLANG_WARN_OBJC_ROOT_CLASS = YES_ERROR;
				CLANG_WARN_RANGE_LOOP_ANALYSIS = YES;
				CLANG_WARN_STRICT_PROTOTYPES = YES;
				CLANG_WARN_SUSPICIOUS_MOVE = YES;
				CLANG_WARN_UNGUARDED_AVAILABILITY = YES_AGGRESSIVE;
				CLANG_WARN_UNREACHABLE_CODE = YES;
				CLANG_WARN__DUPLICATE_METHOD_MATCH = YES;
				CODE_SIGN_IDENTITY = "iPhone Developer";
				COPY_PHASE_STRIP = NO;
				DEBUG_INFORMATION_FORMAT = "dwarf-with-dsym";
				ENABLE_NS_ASSERTIONS = NO;
				ENABLE_STRICT_OBJC_MSGSEND = YES;
				GCC_C_LANGUAGE_STANDARD = gnu11;
				GCC_NO_COMMON_BLOCKS = YES;
				GCC_WARN_64_TO_32_BIT_CONVERSION = YES;
				GCC_WARN_ABOUT_RETURN_TYPE = YES_ERROR;
				GCC_WARN_UNDECLARED_SELECTOR = YES;
				GCC_WARN_UNINITIALIZED_AUTOS = YES_AGGRESSIVE;
				GCC_WARN_UNUSED_FUNCTION = YES;
				GCC_WARN_UNUSED_VARIABLE = YES;
				IPHONEOS_DEPLOYMENT_TARGET = 11.1;
				MTL_ENABLE_DEBUG_INFO = NO;
				SDKROOT = iphoneos;
				SWIFT_OPTIMIZATION_LEVEL = "-Owholemodule";
				VALIDATE_PRODUCT = YES;
			};
			name = Release;
		};
		598BE6A42022C7D100CB1D0B /* Debug */ = {
			isa = XCBuildConfiguration;
			buildSettings = {
				ASSETCATALOG_COMPILER_APPICON_NAME = AppIcon;
				CODE_SIGN_STYLE = Automatic;
				INFOPLIST_FILE = WorldTrotter/Info.plist;
				LD_RUNPATH_SEARCH_PATHS = "$(inherited) @executable_path/Frameworks";
				PRODUCT_BUNDLE_IDENTIFIER = ThisisATest.WorldTrotter;
				PRODUCT_NAME = "$(TARGET_NAME)";
				SWIFT_VERSION = 4.0;
				TARGETED_DEVICE_FAMILY = "1,2";
			};
			name = Debug;
		};
		598BE6A52022C7D100CB1D0B /* Release */ = {
			isa = XCBuildConfiguration;
			buildSettings = {
				ASSETCATALOG_COMPILER_APPICON_NAME = AppIcon;
				CODE_SIGN_STYLE = Automatic;
				INFOPLIST_FILE = WorldTrotter/Info.plist;
				LD_RUNPATH_SEARCH_PATHS = "$(inherited) @executable_path/Frameworks";
				PRODUCT_BUNDLE_IDENTIFIER = ThisisATest.WorldTrotter;
				PRODUCT_NAME = "$(TARGET_NAME)";
				SWIFT_VERSION = 4.0;
				TARGETED_DEVICE_FAMILY = "1,2";
			};
			name = Release;
		};
		598BE6A72022C7D100CB1D0B /* Debug */ = {
			isa = XCBuildConfiguration;
			buildSettings = {
				ALWAYS_EMBED_SWIFT_STANDARD_LIBRARIES = YES;
				BUNDLE_LOADER = "$(TEST_HOST)";
				CODE_SIGN_STYLE = Automatic;
				INFOPLIST_FILE = WorldTrotterTests/Info.plist;
				LD_RUNPATH_SEARCH_PATHS = "$(inherited) @executable_path/Frameworks @loader_path/Frameworks";
				PRODUCT_BUNDLE_IDENTIFIER = ThisisATest.WorldTrotterTests;
				PRODUCT_NAME = "$(TARGET_NAME)";
				SWIFT_VERSION = 4.0;
				TARGETED_DEVICE_FAMILY = "1,2";
				TEST_HOST = "$(BUILT_PRODUCTS_DIR)/WorldTrotter.app/WorldTrotter";
			};
			name = Debug;
		};
		598BE6A82022C7D100CB1D0B /* Release */ = {
			isa = XCBuildConfiguration;
			buildSettings = {
				ALWAYS_EMBED_SWIFT_STANDARD_LIBRARIES = YES;
				BUNDLE_LOADER = "$(TEST_HOST)";
				CODE_SIGN_STYLE = Automatic;
				INFOPLIST_FILE = WorldTrotterTests/Info.plist;
				LD_RUNPATH_SEARCH_PATHS = "$(inherited) @executable_path/Frameworks @loader_path/Frameworks";
				PRODUCT_BUNDLE_IDENTIFIER = ThisisATest.WorldTrotterTests;
				PRODUCT_NAME = "$(TARGET_NAME)";
				SWIFT_VERSION = 4.0;
				TARGETED_DEVICE_FAMILY = "1,2";
				TEST_HOST = "$(BUILT_PRODUCTS_DIR)/WorldTrotter.app/WorldTrotter";
			};
			name = Release;
		};
		598BE6AA2022C7D100CB1D0B /* Debug */ = {
			isa = XCBuildConfiguration;
			buildSettings = {
				ALWAYS_EMBED_SWIFT_STANDARD_LIBRARIES = YES;
				CODE_SIGN_STYLE = Automatic;
				INFOPLIST_FILE = WorldTrotterUITests/Info.plist;
				LD_RUNPATH_SEARCH_PATHS = "$(inherited) @executable_path/Frameworks @loader_path/Frameworks";
				PRODUCT_BUNDLE_IDENTIFIER = ThisisATest.WorldTrotterUITests;
				PRODUCT_NAME = "$(TARGET_NAME)";
				SWIFT_VERSION = 4.0;
				TARGETED_DEVICE_FAMILY = "1,2";
				TEST_TARGET_NAME = WorldTrotter;
			};
			name = Debug;
		};
		598BE6AB2022C7D100CB1D0B /* Release */ = {
			isa = XCBuildConfiguration;
			buildSettings = {
				ALWAYS_EMBED_SWIFT_STANDARD_LIBRARIES = YES;
				CODE_SIGN_STYLE = Automatic;
				INFOPLIST_FILE = WorldTrotterUITests/Info.plist;
				LD_RUNPATH_SEARCH_PATHS = "$(inherited) @executable_path/Frameworks @loader_path/Frameworks";
				PRODUCT_BUNDLE_IDENTIFIER = ThisisATest.WorldTrotterUITests;
				PRODUCT_NAME = "$(TARGET_NAME)";
				SWIFT_VERSION = 4.0;
				TARGETED_DEVICE_FAMILY = "1,2";
				TEST_TARGET_NAME = WorldTrotter;
			};
			name = Release;
		};
/* End XCBuildConfiguration section */

/* Begin XCConfigurationList section */
		598BE6762022C7D100CB1D0B /* Build configuration list for PBXProject "WorldTrotter" */ = {
			isa = XCConfigurationList;
			buildConfigurations = (
				598BE6A12022C7D100CB1D0B /* Debug */,
				598BE6A22022C7D100CB1D0B /* Release */,
			);
			defaultConfigurationIsVisible = 0;
			defaultConfigurationName = Release;
		};
		598BE6A32022C7D100CB1D0B /* Build configuration list for PBXNativeTarget "WorldTrotter" */ = {
			isa = XCConfigurationList;
			buildConfigurations = (
				598BE6A42022C7D100CB1D0B /* Debug */,
				598BE6A52022C7D100CB1D0B /* Release */,
			);
			defaultConfigurationIsVisible = 0;
			defaultConfigurationName = Release;
		};
		598BE6A62022C7D100CB1D0B /* Build configuration list for PBXNativeTarget "WorldTrotterTests" */ = {
			isa = XCConfigurationList;
			buildConfigurations = (
				598BE6A72022C7D100CB1D0B /* Debug */,
				598BE6A82022C7D100CB1D0B /* Release */,
			);
			defaultConfigurationIsVisible = 0;
			defaultConfigurationName = Release;
		};
		598BE6A92022C7D100CB1D0B /* Build configuration list for PBXNativeTarget "WorldTrotterUITests" */ = {
			isa = XCConfigurationList;
			buildConfigurations = (
				598BE6AA2022C7D100CB1D0B /* Debug */,
				598BE6AB2022C7D100CB1D0B /* Release */,
			);
			defaultConfigurationIsVisible = 0;
			defaultConfigurationName = Release;
		};
/* End XCConfigurationList section */
	};
	rootObject = 598BE6732022C7D100CB1D0B /* Project object */;
}
